
Microsoft Visual Studio Solution File, Format Version 12.00
# Visual Studio Version 16
VisualStudioVersion = 16.0.31019.35
MinimumVisualStudioVersion = 10.0.40219.1
Project("{9A19103F-16F7-4668-BE54-9A1E7A4F7556}") = "Lab3T1", "Lab3T1\Lab3T1.csproj", "{DB39B7B9-77EA-4385-86F9-44A5039FD73F}"
EndProject
Project("{9A19103F-16F7-4668-BE54-9A1E7A4F7556}") = "Lab3T2", "Lab3T2\Lab3T2.csproj", "{E48990F2-B856-4C1A-8916-63D4BC2805A3}"
EndProject
Project("{FAE04EC0-301F-11D3-BF4B-00C04F79EFBC}") = "Lab3T3", "Lab3T3\Lab3T3.csproj", "{FFD4CBD7-D21F-4278-B47B-7D80A1C63B32}"
EndProject
Project("{FAE04EC0-301F-11D3-BF4B-00C04F79EFBC}") = "Lab3T4", "Lab3T4\Lab3T4.csproj", "{D9A2920C-95FE-429B-93C3-AB74B07E1ED1}"
EndProject
Global
	GlobalSection(SolutionConfigurationPlatforms) = preSolution
		Debug|Any CPU = Debug|Any CPU
		Release|Any CPU = Release|Any CPU
	EndGlobalSection
	GlobalSection(ProjectConfigurationPlatforms) = postSolution
		{DB39B7B9-77EA-4385-86F9-44A5039FD73F}.Debug|Any CPU.ActiveCfg = Debug|Any CPU
		{DB39B7B9-77EA-4385-86F9-44A5039FD73F}.Debug|Any CPU.Build.0 = Debug|Any CPU
		{DB39B7B9-77EA-4385-86F9-44A5039FD73F}.Release|Any CPU.ActiveCfg = Release|Any CPU
		{DB39B7B9-77EA-4385-86F9-44A5039FD73F}.Release|Any CPU.Build.0 = Release|Any CPU
		{E48990F2-B856-4C1A-8916-63D4BC2805A3}.Debug|Any CPU.ActiveCfg = Debug|Any CPU
		{E48990F2-B856-4C1A-8916-63D4BC2805A3}.Debug|Any CPU.Build.0 = Debug|Any CPU
		{E48990F2-B856-4C1A-8916-63D4BC2805A3}.Release|Any CPU.ActiveCfg = Release|Any CPU
		{E48990F2-B856-4C1A-8916-63D4BC2805A3}.Release|Any CPU.Build.0 = Release|Any CPU
		{FFD4CBD7-D21F-4278-B47B-7D80A1C63B32}.Debug|Any CPU.ActiveCfg = Debug|Any CPU
		{FFD4CBD7-D21F-4278-B47B-7D80A1C63B32}.Debug|Any CPU.Build.0 = Debug|Any CPU
		{FFD4CBD7-D21F-4278-B47B-7D80A1C63B32}.Release|Any CPU.ActiveCfg = Release|Any CPU
		{FFD4CBD7-D21F-4278-B47B-7D80A1C63B32}.Release|Any CPU.Build.0 = Release|Any CPU
		{D9A2920C-95FE-429B-93C3-AB74B07E1ED1}.Debug|Any CPU.ActiveCfg = Debug|Any CPU
		{D9A2920C-95FE-429B-93C3-AB74B07E1ED1}.Debug|Any CPU.Build.0 = Debug|Any CPU
		{D9A2920C-95FE-429B-93C3-AB74B07E1ED1}.Release|Any CPU.ActiveCfg = Release|Any CPU
		{D9A2920C-95FE-429B-93C3-AB74B07E1ED1}.Release|Any CPU.Build.0 = Release|Any CPU
	EndGlobalSection
	GlobalSection(SolutionProperties) = preSolution
		HideSolutionNode = FALSE
	EndGlobalSection
	GlobalSection(ExtensibilityGlobals) = postSolution
		SolutionGuid = {9825491C-8AD8-45E8-89B4-9D1E8C2598F1}
	EndGlobalSection
EndGlobal
