
Microsoft Visual Studio Solution File, Format Version 12.00
# Visual Studio Version 16
VisualStudioVersion = 16.0.31019.35
MinimumVisualStudioVersion = 10.0.40219.1
Project("{FAE04EC0-301F-11D3-BF4B-00C04F79EFBC}") = "Lab9", "Lab9\Lab9.csproj", "{A22F97C0-E666-4D3E-9A00-90564419AA72}"
EndProject
Project("{FAE04EC0-301F-11D3-BF4B-00C04F79EFBC}") = "Lab9T3", "Lab9T3\Lab9T3.csproj", "{A47F6D24-A2AD-47A2-94F5-5E43A7714578}"
EndProject
Global
	GlobalSection(SolutionConfigurationPlatforms) = preSolution
		Debug|Any CPU = Debug|Any CPU
		Release|Any CPU = Release|Any CPU
	EndGlobalSection
	GlobalSection(ProjectConfigurationPlatforms) = postSolution
		{A22F97C0-E666-4D3E-9A00-90564419AA72}.Debug|Any CPU.ActiveCfg = Debug|Any CPU
		{A22F97C0-E666-4D3E-9A00-90564419AA72}.Debug|Any CPU.Build.0 = Debug|Any CPU
		{A22F97C0-E666-4D3E-9A00-90564419AA72}.Release|Any CPU.ActiveCfg = Release|Any CPU
		{A22F97C0-E666-4D3E-9A00-90564419AA72}.Release|Any CPU.Build.0 = Release|Any CPU
		{A47F6D24-A2AD-47A2-94F5-5E43A7714578}.Debug|Any CPU.ActiveCfg = Debug|Any CPU
		{A47F6D24-A2AD-47A2-94F5-5E43A7714578}.Debug|Any CPU.Build.0 = Debug|Any CPU
		{A47F6D24-A2AD-47A2-94F5-5E43A7714578}.Release|Any CPU.ActiveCfg = Release|Any CPU
		{A47F6D24-A2AD-47A2-94F5-5E43A7714578}.Release|Any CPU.Build.0 = Release|Any CPU
	EndGlobalSection
	GlobalSection(SolutionProperties) = preSolution
		HideSolutionNode = FALSE
	EndGlobalSection
	GlobalSection(ExtensibilityGlobals) = postSolution
		SolutionGuid = {823D6640-7AB3-41DC-9677-766E226D3083}
	EndGlobalSection
EndGlobal
