
Microsoft Visual Studio Solution File, Format Version 12.00
# Visual Studio Version 16
VisualStudioVersion = 16.0.31019.35
MinimumVisualStudioVersion = 10.0.40219.1
Project("{FAE04EC0-301F-11D3-BF4B-00C04F79EFBC}") = "Lab3T1", "Lab3T1\Lab3T1.csproj", "{328FD22B-FE33-40D7-90DB-A57FF9FD3E39}"
EndProject
Project("{FAE04EC0-301F-11D3-BF4B-00C04F79EFBC}") = "Lab3T2", "Lab3T2\Lab3T2.csproj", "{E040A8FA-691C-4CF6-A825-9826A928DD41}"
EndProject
Project("{FAE04EC0-301F-11D3-BF4B-00C04F79EFBC}") = "Lab3T3", "Lab3T3\Lab3T3.csproj", "{A6B6CF93-6C5C-4EC8-8CDD-FCDDE82679BE}"
EndProject
Project("{FAE04EC0-301F-11D3-BF4B-00C04F79EFBC}") = "Lab3T4", "Lab3T4\Lab3T4.csproj", "{4E536F23-DB10-48F1-93E5-E64E0441FDBD}"
EndProject
Global
	GlobalSection(SolutionConfigurationPlatforms) = preSolution
		Debug|Any CPU = Debug|Any CPU
		Release|Any CPU = Release|Any CPU
	EndGlobalSection
	GlobalSection(ProjectConfigurationPlatforms) = postSolution
		{328FD22B-FE33-40D7-90DB-A57FF9FD3E39}.Debug|Any CPU.ActiveCfg = Debug|Any CPU
		{328FD22B-FE33-40D7-90DB-A57FF9FD3E39}.Debug|Any CPU.Build.0 = Debug|Any CPU
		{328FD22B-FE33-40D7-90DB-A57FF9FD3E39}.Release|Any CPU.ActiveCfg = Release|Any CPU
		{328FD22B-FE33-40D7-90DB-A57FF9FD3E39}.Release|Any CPU.Build.0 = Release|Any CPU
		{E040A8FA-691C-4CF6-A825-9826A928DD41}.Debug|Any CPU.ActiveCfg = Debug|Any CPU
		{E040A8FA-691C-4CF6-A825-9826A928DD41}.Debug|Any CPU.Build.0 = Debug|Any CPU
		{E040A8FA-691C-4CF6-A825-9826A928DD41}.Release|Any CPU.ActiveCfg = Release|Any CPU
		{E040A8FA-691C-4CF6-A825-9826A928DD41}.Release|Any CPU.Build.0 = Release|Any CPU
		{A6B6CF93-6C5C-4EC8-8CDD-FCDDE82679BE}.Debug|Any CPU.ActiveCfg = Debug|Any CPU
		{A6B6CF93-6C5C-4EC8-8CDD-FCDDE82679BE}.Debug|Any CPU.Build.0 = Debug|Any CPU
		{A6B6CF93-6C5C-4EC8-8CDD-FCDDE82679BE}.Release|Any CPU.ActiveCfg = Release|Any CPU
		{A6B6CF93-6C5C-4EC8-8CDD-FCDDE82679BE}.Release|Any CPU.Build.0 = Release|Any CPU
		{4E536F23-DB10-48F1-93E5-E64E0441FDBD}.Debug|Any CPU.ActiveCfg = Debug|Any CPU
		{4E536F23-DB10-48F1-93E5-E64E0441FDBD}.Debug|Any CPU.Build.0 = Debug|Any CPU
		{4E536F23-DB10-48F1-93E5-E64E0441FDBD}.Release|Any CPU.ActiveCfg = Release|Any CPU
		{4E536F23-DB10-48F1-93E5-E64E0441FDBD}.Release|Any CPU.Build.0 = Release|Any CPU
	EndGlobalSection
	GlobalSection(SolutionProperties) = preSolution
		HideSolutionNode = FALSE
	EndGlobalSection
	GlobalSection(ExtensibilityGlobals) = postSolution
		SolutionGuid = {AE13807B-38BB-41C6-825D-ADA149644A8E}
	EndGlobalSection
EndGlobal
