
Microsoft Visual Studio Solution File, Format Version 12.00
# Visual Studio Version 16
VisualStudioVersion = 16.0.30309.148
MinimumVisualStudioVersion = 10.0.40219.1
Project("{9A19103F-16F7-4668-BE54-9A1E7A4F7556}") = "Lab1T1", "Lab1T1.csproj", "{74184F65-2E38-480C-8C77-0DB64BF465A9}"
EndProject
Project("{9A19103F-16F7-4668-BE54-9A1E7A4F7556}") = "Lab1T2", "..\Lab1T2\Lab1T2.csproj", "{97E918F0-E812-43ED-9F1E-7FA9210A6B5F}"
EndProject
Project("{9A19103F-16F7-4668-BE54-9A1E7A4F7556}") = "Lab1T3", "..\Lab1T3\Lab1T3.csproj", "{F8424A6F-518A-4B7B-9F53-96D8622CE327}"
EndProject
Project("{9A19103F-16F7-4668-BE54-9A1E7A4F7556}") = "Lab1T4", "..\Lab1T4\Lab1T4.csproj", "{C1DA909A-307E-4A21-B58E-591EBFAB5EE8}"
EndProject
Global
	GlobalSection(SolutionConfigurationPlatforms) = preSolution
		Debug|Any CPU = Debug|Any CPU
		Release|Any CPU = Release|Any CPU
	EndGlobalSection
	GlobalSection(ProjectConfigurationPlatforms) = postSolution
		{74184F65-2E38-480C-8C77-0DB64BF465A9}.Debug|Any CPU.ActiveCfg = Debug|Any CPU
		{74184F65-2E38-480C-8C77-0DB64BF465A9}.Debug|Any CPU.Build.0 = Debug|Any CPU
		{74184F65-2E38-480C-8C77-0DB64BF465A9}.Release|Any CPU.ActiveCfg = Release|Any CPU
		{74184F65-2E38-480C-8C77-0DB64BF465A9}.Release|Any CPU.Build.0 = Release|Any CPU
		{97E918F0-E812-43ED-9F1E-7FA9210A6B5F}.Debug|Any CPU.ActiveCfg = Debug|Any CPU
		{97E918F0-E812-43ED-9F1E-7FA9210A6B5F}.Debug|Any CPU.Build.0 = Debug|Any CPU
		{97E918F0-E812-43ED-9F1E-7FA9210A6B5F}.Release|Any CPU.ActiveCfg = Release|Any CPU
		{97E918F0-E812-43ED-9F1E-7FA9210A6B5F}.Release|Any CPU.Build.0 = Release|Any CPU
		{F8424A6F-518A-4B7B-9F53-96D8622CE327}.Debug|Any CPU.ActiveCfg = Debug|Any CPU
		{F8424A6F-518A-4B7B-9F53-96D8622CE327}.Debug|Any CPU.Build.0 = Debug|Any CPU
		{F8424A6F-518A-4B7B-9F53-96D8622CE327}.Release|Any CPU.ActiveCfg = Release|Any CPU
		{F8424A6F-518A-4B7B-9F53-96D8622CE327}.Release|Any CPU.Build.0 = Release|Any CPU
		{C1DA909A-307E-4A21-B58E-591EBFAB5EE8}.Debug|Any CPU.ActiveCfg = Debug|Any CPU
		{C1DA909A-307E-4A21-B58E-591EBFAB5EE8}.Debug|Any CPU.Build.0 = Debug|Any CPU
		{C1DA909A-307E-4A21-B58E-591EBFAB5EE8}.Release|Any CPU.ActiveCfg = Release|Any CPU
		{C1DA909A-307E-4A21-B58E-591EBFAB5EE8}.Release|Any CPU.Build.0 = Release|Any CPU
	EndGlobalSection
	GlobalSection(SolutionProperties) = preSolution
		HideSolutionNode = FALSE
	EndGlobalSection
	GlobalSection(ExtensibilityGlobals) = postSolution
		SolutionGuid = {2EB373B9-00AE-4AAE-971B-1A66059FAA76}
	EndGlobalSection
EndGlobal
